
Microsoft Visual Studio Solution File, Format Version 12.00
# Visual Studio 15
VisualStudioVersion = 15.0.28307.539
MinimumVisualStudioVersion = 10.0.40219.1
Project("{FAE04EC0-301F-11D3-BF4B-00C04F79EFBC}") = "MonoGamePickingTutorial", "MonoGamePickingTutorial\MonoGamePickingTutorial.csproj", "{D0A9CD9A-80A1-4B54-B052-0BB1592F82FF}"
EndProject
Global
	GlobalSection(SolutionConfigurationPlatforms) = preSolution
		Debug|Any CPU = Debug|Any CPU
		Release|Any CPU = Release|Any CPU
	EndGlobalSection
	GlobalSection(ProjectConfigurationPlatforms) = postSolution
		{D0A9CD9A-80A1-4B54-B052-0BB1592F82FF}.Debug|Any CPU.ActiveCfg = Debug|Any CPU
		{D0A9CD9A-80A1-4B54-B052-0BB1592F82FF}.Debug|Any CPU.Build.0 = Debug|Any CPU
		{D0A9CD9A-80A1-4B54-B052-0BB1592F82FF}.Release|Any CPU.ActiveCfg = Release|Any CPU
		{D0A9CD9A-80A1-4B54-B052-0BB1592F82FF}.Release|Any CPU.Build.0 = Release|Any CPU
	EndGlobalSection
	GlobalSection(SolutionProperties) = preSolution
		HideSolutionNode = FALSE
	EndGlobalSection
	GlobalSection(ExtensibilityGlobals) = postSolution
		SolutionGuid = {57C89F8C-EEA2-4A6B-A757-8D0C4508F5C3}
	EndGlobalSection
EndGlobal
